
Microsoft Visual Studio Solution File, Format Version 12.00
# Visual Studio Version 17
VisualStudioVersion = 17.14.36915.13 d17.14
MinimumVisualStudioVersion = 10.0.40219.1
Project("{FAE04EC0-301F-11D3-BF4B-00C04F79EFBC}") = "Registro_de_ordenes_de_servicio", "Registro_de_ordenes_de_servicio\Registro_de_ordenes_de_servicio.csproj", "{2A899948-9883-4254-95AF-6451DB0D381A}"
EndProject
Global
	GlobalSection(SolutionConfigurationPlatforms) = preSolution
		Debug|Any CPU = Debug|Any CPU
		Release|Any CPU = Release|Any CPU
	EndGlobalSection
	GlobalSection(ProjectConfigurationPlatforms) = postSolution
		{2A899948-9883-4254-95AF-6451DB0D381A}.Debug|Any CPU.ActiveCfg = Debug|Any CPU
		{2A899948-9883-4254-95AF-6451DB0D381A}.Debug|Any CPU.Build.0 = Debug|Any CPU
		{2A899948-9883-4254-95AF-6451DB0D381A}.Release|Any CPU.ActiveCfg = Release|Any CPU
		{2A899948-9883-4254-95AF-6451DB0D381A}.Release|Any CPU.Build.0 = Release|Any CPU
	EndGlobalSection
	GlobalSection(SolutionProperties) = preSolution
		HideSolutionNode = FALSE
	EndGlobalSection
	GlobalSection(ExtensibilityGlobals) = postSolution
		SolutionGuid = {66D8A7F8-46DE-4C63-9A3A-DADB5442C206}
	EndGlobalSection
EndGlobal
